// !$*UTF8*$!
{
	archiveVersion = 1;
	classes = {
	};
	objectVersion = 46;
	objects = {

/* Begin PBXBuildFile section */
		451342221C8366040089F2DC /* prototype.txt in Resources */ = {isa = PBXBuildFile; fileRef = 451342211C8366040089F2DC /* prototype.txt */; };
		45583DB31C82671E0087AB18 /* ContentView.swift in Sources */ = {isa = PBXBuildFile; fileRef = 45583DB21C82671E0087AB18 /* ContentView.swift */; };
		459A8B471C8662BE009B79F0 /* FullScreenImageViewController.swift in Sources */ = {isa = PBXBuildFile; fileRef = 459A8B461C8662BE009B79F0 /* FullScreenImageViewController.swift */; };
		45C734391C87950B0069AF2F /* DynamicContentTest.swift in Sources */ = {isa = PBXBuildFile; fileRef = 45C734381C87950B0069AF2F /* DynamicContentTest.swift */; };
		6D2B15791C87798800BC5179 /* FeedControllerCell.xib in Resources */ = {isa = PBXBuildFile; fileRef = 6D2B15781C87798800BC5179 /* FeedControllerCell.xib */; };
		6D2B157C1C87815F00BC5179 /* ToursControllerCell.xib in Resources */ = {isa = PBXBuildFile; fileRef = 6D2B157B1C87815F00BC5179 /* ToursControllerCell.xib */; };
		6D8CFD8D1C8662A000F8E8B9 /* Tablet.storyboard in Resources */ = {isa = PBXBuildFile; fileRef = 6D8CFD8C1C8662A000F8E8B9 /* Tablet.storyboard */; };
		6D90EE561C7E00B500433E1F /* AppDelegate.swift in Sources */ = {isa = PBXBuildFile; fileRef = 6D90EE481C7E00B500433E1F /* AppDelegate.swift */; };
		6D90EE581C7E00B500433E1F /* BarcodeScannerViewController.swift in Sources */ = {isa = PBXBuildFile; fileRef = 6D90EE4A1C7E00B500433E1F /* BarcodeScannerViewController.swift */; };
		6D90EE5A1C7E00B500433E1F /* DetailViewController.swift in Sources */ = {isa = PBXBuildFile; fileRef = 6D90EE4C1C7E00B500433E1F /* DetailViewController.swift */; };
		6D90EE5B1C7E00B500433E1F /* DiscoveredBarcodeView.swift in Sources */ = {isa = PBXBuildFile; fileRef = 6D90EE4D1C7E00B500433E1F /* DiscoveredBarcodeView.swift */; };
		6D90EE5C1C7E00B500433E1F /* FeedController.swift in Sources */ = {isa = PBXBuildFile; fileRef = 6D90EE4E1C7E00B500433E1F /* FeedController.swift */; };
		6D90EE5D1C7E00B500433E1F /* FeedControllerCell.swift in Sources */ = {isa = PBXBuildFile; fileRef = 6D90EE4F1C7E00B500433E1F /* FeedControllerCell.swift */; };
		6D90EE5F1C7E00B500433E1F /* Info.plist in Resources */ = {isa = PBXBuildFile; fileRef = 6D90EE521C7E00B500433E1F /* Info.plist */; };
		6D90EE601C7E00B500433E1F /* PrototypeData.swift in Sources */ = {isa = PBXBuildFile; fileRef = 6D90EE531C7E00B500433E1F /* PrototypeData.swift */; };
		6D90EE611C7E00B500433E1F /* ToursController.swift in Sources */ = {isa = PBXBuildFile; fileRef = 6D90EE541C7E00B500433E1F /* ToursController.swift */; };
		6D90EE621C7E00B500433E1F /* ToursControllerCell.swift in Sources */ = {isa = PBXBuildFile; fileRef = 6D90EE551C7E00B500433E1F /* ToursControllerCell.swift */; };
		6DBD48FB1C8DCAA700CB6158 /* SplitViewController.swift in Sources */ = {isa = PBXBuildFile; fileRef = 6DBD48FA1C8DCAA700CB6158 /* SplitViewController.swift */; };
		6DBED3D01C7E021E008BFA30 /* Assets.xcassets in Resources */ = {isa = PBXBuildFile; fileRef = 6DBED3CB1C7E021E008BFA30 /* Assets.xcassets */; };
		6DBED3D11C7E021E008BFA30 /* hiTour.xcdatamodeld in Sources */ = {isa = PBXBuildFile; fileRef = 6DBED3CC1C7E021E008BFA30 /* hiTour.xcdatamodeld */; };
		6DBED3D21C7E021E008BFA30 /* LaunchScreen.storyboard in Resources */ = {isa = PBXBuildFile; fileRef = 6DBED3CE1C7E021E008BFA30 /* LaunchScreen.storyboard */; };
		6DBED3D31C7E021E008BFA30 /* Main.storyboard in Resources */ = {isa = PBXBuildFile; fileRef = 6DBED3CF1C7E021E008BFA30 /* Main.storyboard */; };
		6DE891A51C83BCDD008D85A1 /* ctscan.mp4 in Resources */ = {isa = PBXBuildFile; fileRef = 6DE8919D1C83BC67008D85A1 /* ctscan.mp4 */; };
		6DE891A61C83BCDD008D85A1 /* fluoroscopy.mp4 in Resources */ = {isa = PBXBuildFile; fileRef = 6DE8919E1C83BC67008D85A1 /* fluoroscopy.mp4 */; };
		6DE891A71C83BCDD008D85A1 /* mriscan.mp4 in Resources */ = {isa = PBXBuildFile; fileRef = 6DE8919F1C83BC67008D85A1 /* mriscan.mp4 */; };
		6DE891A81C83BCDD008D85A1 /* ultrasound.mp4 in Resources */ = {isa = PBXBuildFile; fileRef = 6DE891A01C83BC67008D85A1 /* ultrasound.mp4 */; };
		6DF7DC4E1C7E72CD00C88B48 /* FeedPageViewController.swift in Sources */ = {isa = PBXBuildFile; fileRef = 6DF7DC4D1C7E72CD00C88B48 /* FeedPageViewController.swift */; };
		8F1C8FAB1C776E33009C95F4 /* HTTPClient.swift in Sources */ = {isa = PBXBuildFile; fileRef = 8F1C8FAA1C776E33009C95F4 /* HTTPClient.swift */; };
		8F1C8FAD1C7770BD009C95F4 /* APITests.swift in Sources */ = {isa = PBXBuildFile; fileRef = 8F1C8FAC1C7770BD009C95F4 /* APITests.swift */; };
		8FF1C6D11C75F73A00F16473 /* CoreDataStack.swift in Sources */ = {isa = PBXBuildFile; fileRef = 8FF1C6D01C75F73A00F16473 /* CoreDataStack.swift */; };
		8FF1C6E11C7603A800F16473 /* PointData+CoreDataProperties.swift in Sources */ = {isa = PBXBuildFile; fileRef = 8FF1C6D31C7603A800F16473 /* PointData+CoreDataProperties.swift */; };
		8FF1C6E21C7603A800F16473 /* PointData.swift in Sources */ = {isa = PBXBuildFile; fileRef = 8FF1C6D41C7603A800F16473 /* PointData.swift */; };
		8FF1C6E31C7603A800F16473 /* Point+CoreDataProperties.swift in Sources */ = {isa = PBXBuildFile; fileRef = 8FF1C6D51C7603A800F16473 /* Point+CoreDataProperties.swift */; };
		8FF1C6E41C7603A800F16473 /* Point.swift in Sources */ = {isa = PBXBuildFile; fileRef = 8FF1C6D61C7603A800F16473 /* Point.swift */; };
		8FF1C6E51C7603A800F16473 /* Data+CoreDataProperties.swift in Sources */ = {isa = PBXBuildFile; fileRef = 8FF1C6D71C7603A800F16473 /* Data+CoreDataProperties.swift */; };
		8FF1C6E61C7603A800F16473 /* Data.swift in Sources */ = {isa = PBXBuildFile; fileRef = 8FF1C6D81C7603A800F16473 /* Data.swift */; };
		8FF1C6E71C7603A800F16473 /* Session+CoreDataProperties.swift in Sources */ = {isa = PBXBuildFile; fileRef = 8FF1C6D91C7603A800F16473 /* Session+CoreDataProperties.swift */; };
		8FF1C6E81C7603A800F16473 /* Session.swift in Sources */ = {isa = PBXBuildFile; fileRef = 8FF1C6DA1C7603A800F16473 /* Session.swift */; };
		8FF1C6E91C7603A800F16473 /* PointTour+CoreDataProperties.swift in Sources */ = {isa = PBXBuildFile; fileRef = 8FF1C6DB1C7603A800F16473 /* PointTour+CoreDataProperties.swift */; };
		8FF1C6EA1C7603A800F16473 /* PointTour.swift in Sources */ = {isa = PBXBuildFile; fileRef = 8FF1C6DC1C7603A800F16473 /* PointTour.swift */; };
		8FF1C6EB1C7603A800F16473 /* Audience+CoreDataProperties.swift in Sources */ = {isa = PBXBuildFile; fileRef = 8FF1C6DD1C7603A800F16473 /* Audience+CoreDataProperties.swift */; };
		8FF1C6EC1C7603A800F16473 /* Audience.swift in Sources */ = {isa = PBXBuildFile; fileRef = 8FF1C6DE1C7603A800F16473 /* Audience.swift */; };
		8FF1C6ED1C7603A800F16473 /* Tour+CoreDataProperties.swift in Sources */ = {isa = PBXBuildFile; fileRef = 8FF1C6DF1C7603A800F16473 /* Tour+CoreDataProperties.swift */; };
		8FF1C6EE1C7603A800F16473 /* Tour.swift in Sources */ = {isa = PBXBuildFile; fileRef = 8FF1C6E01C7603A800F16473 /* Tour.swift */; };
		8FF1C6F01C760F5D00F16473 /* ApiConnector.swift in Sources */ = {isa = PBXBuildFile; fileRef = 8FF1C6EF1C760F5D00F16473 /* ApiConnector.swift */; };
		8FF1C6F21C764EEA00F16473 /* JsonReader.swift in Sources */ = {isa = PBXBuildFile; fileRef = 8FF1C6F11C764EEA00F16473 /* JsonReader.swift */; };
		984EC7AC1C7209C200A12379 /* (null) in Sources */ = {isa = PBXBuildFile; };
		984EC7AE1C7209C200A12379 /* (null) in Sources */ = {isa = PBXBuildFile; };
		984EC7B41C7209C200A12379 /* (null) in Sources */ = {isa = PBXBuildFile; };
		984EC7C41C7209C200A12379 /* hiTourTests.swift in Sources */ = {isa = PBXBuildFile; fileRef = 984EC7C31C7209C200A12379 /* hiTourTests.swift */; };
		984EC7CF1C7209C200A12379 /* hiTourUITests.swift in Sources */ = {isa = PBXBuildFile; fileRef = 984EC7CE1C7209C200A12379 /* hiTourUITests.swift */; };
/* End PBXBuildFile section */

/* Begin PBXContainerItemProxy section */
		984EC7C01C7209C200A12379 /* PBXContainerItemProxy */ = {
			isa = PBXContainerItemProxy;
			containerPortal = 984EC7A01C7209C200A12379 /* Project object */;
			proxyType = 1;
			remoteGlobalIDString = 984EC7A71C7209C200A12379;
			remoteInfo = hiTour;
		};
		984EC7CB1C7209C200A12379 /* PBXContainerItemProxy */ = {
			isa = PBXContainerItemProxy;
			containerPortal = 984EC7A01C7209C200A12379 /* Project object */;
			proxyType = 1;
			remoteGlobalIDString = 984EC7A71C7209C200A12379;
			remoteInfo = hiTour;
		};
/* End PBXContainerItemProxy section */

/* Begin PBXFileReference section */
		451342181C83429F0089F2DC /* ctscan.mp4 */ = {isa = PBXFileReference; lastKnownFileType = file; name = ctscan.mp4; path = "../../Projects/Project Run/ctscan.mp4"; sourceTree = "<group>"; };
		451342191C83429F0089F2DC /* mriscan.mp4 */ = {isa = PBXFileReference; lastKnownFileType = file; name = mriscan.mp4; path = "../../Projects/Project Run/mriscan.mp4"; sourceTree = "<group>"; };
		4513421A1C83429F0089F2DC /* ultrasound.mp4 */ = {isa = PBXFileReference; lastKnownFileType = file; name = ultrasound.mp4; path = "../../Projects/Project Run/ultrasound.mp4"; sourceTree = "<group>"; };
		451342211C8366040089F2DC /* prototype.txt */ = {isa = PBXFileReference; fileEncoding = 4; lastKnownFileType = text; path = prototype.txt; sourceTree = "<group>"; };
		45583DB21C82671E0087AB18 /* ContentView.swift */ = {isa = PBXFileReference; fileEncoding = 4; lastKnownFileType = sourcecode.swift; path = ContentView.swift; sourceTree = "<group>"; };
		459A8B461C8662BE009B79F0 /* FullScreenImageViewController.swift */ = {isa = PBXFileReference; fileEncoding = 4; lastKnownFileType = sourcecode.swift; path = FullScreenImageViewController.swift; sourceTree = "<group>"; };
		45C734381C87950B0069AF2F /* DynamicContentTest.swift */ = {isa = PBXFileReference; fileEncoding = 4; lastKnownFileType = sourcecode.swift; path = DynamicContentTest.swift; sourceTree = "<group>"; };
		6D2B15781C87798800BC5179 /* FeedControllerCell.xib */ = {isa = PBXFileReference; fileEncoding = 4; lastKnownFileType = file.xib; path = FeedControllerCell.xib; sourceTree = "<group>"; };
		6D2B157B1C87815F00BC5179 /* ToursControllerCell.xib */ = {isa = PBXFileReference; fileEncoding = 4; lastKnownFileType = file.xib; path = ToursControllerCell.xib; sourceTree = "<group>"; };
		6D8CFD8C1C8662A000F8E8B9 /* Tablet.storyboard */ = {isa = PBXFileReference; fileEncoding = 4; lastKnownFileType = file.storyboard; path = Tablet.storyboard; sourceTree = "<group>"; };
		6D90EE481C7E00B500433E1F /* AppDelegate.swift */ = {isa = PBXFileReference; fileEncoding = 4; lastKnownFileType = sourcecode.swift; path = AppDelegate.swift; sourceTree = "<group>"; };
		6D90EE4A1C7E00B500433E1F /* BarcodeScannerViewController.swift */ = {isa = PBXFileReference; fileEncoding = 4; lastKnownFileType = sourcecode.swift; path = BarcodeScannerViewController.swift; sourceTree = "<group>"; };
		6D90EE4C1C7E00B500433E1F /* DetailViewController.swift */ = {isa = PBXFileReference; fileEncoding = 4; lastKnownFileType = sourcecode.swift; path = DetailViewController.swift; sourceTree = "<group>"; };
		6D90EE4D1C7E00B500433E1F /* DiscoveredBarcodeView.swift */ = {isa = PBXFileReference; fileEncoding = 4; lastKnownFileType = sourcecode.swift; path = DiscoveredBarcodeView.swift; sourceTree = "<group>"; };
		6D90EE4E1C7E00B500433E1F /* FeedController.swift */ = {isa = PBXFileReference; fileEncoding = 4; lastKnownFileType = sourcecode.swift; path = FeedController.swift; sourceTree = "<group>"; };
		6D90EE4F1C7E00B500433E1F /* FeedControllerCell.swift */ = {isa = PBXFileReference; fileEncoding = 4; lastKnownFileType = sourcecode.swift; path = FeedControllerCell.swift; sourceTree = "<group>"; };
		6D90EE521C7E00B500433E1F /* Info.plist */ = {isa = PBXFileReference; fileEncoding = 4; lastKnownFileType = text.plist.xml; path = Info.plist; sourceTree = "<group>"; };
		6D90EE531C7E00B500433E1F /* PrototypeData.swift */ = {isa = PBXFileReference; fileEncoding = 4; lastKnownFileType = sourcecode.swift; path = PrototypeData.swift; sourceTree = "<group>"; };
		6D90EE541C7E00B500433E1F /* ToursController.swift */ = {isa = PBXFileReference; fileEncoding = 4; lastKnownFileType = sourcecode.swift; path = ToursController.swift; sourceTree = "<group>"; };
		6D90EE551C7E00B500433E1F /* ToursControllerCell.swift */ = {isa = PBXFileReference; fileEncoding = 4; lastKnownFileType = sourcecode.swift; path = ToursControllerCell.swift; sourceTree = "<group>"; };
		6DBD48FA1C8DCAA700CB6158 /* SplitViewController.swift */ = {isa = PBXFileReference; fileEncoding = 4; lastKnownFileType = sourcecode.swift; path = SplitViewController.swift; sourceTree = "<group>"; };
		6DBED3CB1C7E021E008BFA30 /* Assets.xcassets */ = {isa = PBXFileReference; lastKnownFileType = folder.assetcatalog; path = Assets.xcassets; sourceTree = "<group>"; };
		6DBED3CD1C7E021E008BFA30 /* hiTour.xcdatamodel */ = {isa = PBXFileReference; lastKnownFileType = wrapper.xcdatamodel; path = hiTour.xcdatamodel; sourceTree = "<group>"; };
		6DBED3CE1C7E021E008BFA30 /* LaunchScreen.storyboard */ = {isa = PBXFileReference; fileEncoding = 4; lastKnownFileType = file.storyboard; name = LaunchScreen.storyboard; path = hiTour/LaunchScreen.storyboard; sourceTree = "<group>"; };
		6DBED3CF1C7E021E008BFA30 /* Main.storyboard */ = {isa = PBXFileReference; fileEncoding = 4; lastKnownFileType = file.storyboard; name = Main.storyboard; path = hiTour/Main.storyboard; sourceTree = "<group>"; };
		6DE8919D1C83BC67008D85A1 /* ctscan.mp4 */ = {isa = PBXFileReference; lastKnownFileType = file; path = ctscan.mp4; sourceTree = SOURCE_ROOT; };
		6DE8919E1C83BC67008D85A1 /* fluoroscopy.mp4 */ = {isa = PBXFileReference; lastKnownFileType = file; path = fluoroscopy.mp4; sourceTree = SOURCE_ROOT; };
		6DE8919F1C83BC67008D85A1 /* mriscan.mp4 */ = {isa = PBXFileReference; lastKnownFileType = file; path = mriscan.mp4; sourceTree = SOURCE_ROOT; };
		6DE891A01C83BC67008D85A1 /* ultrasound.mp4 */ = {isa = PBXFileReference; lastKnownFileType = file; path = ultrasound.mp4; sourceTree = SOURCE_ROOT; };
		6DF7DC4D1C7E72CD00C88B48 /* FeedPageViewController.swift */ = {isa = PBXFileReference; fileEncoding = 4; lastKnownFileType = sourcecode.swift; path = FeedPageViewController.swift; sourceTree = "<group>"; };
		8F1C8FAA1C776E33009C95F4 /* HTTPClient.swift */ = {isa = PBXFileReference; fileEncoding = 4; lastKnownFileType = sourcecode.swift; path = HTTPClient.swift; sourceTree = "<group>"; };
		8F1C8FAC1C7770BD009C95F4 /* APITests.swift */ = {isa = PBXFileReference; fileEncoding = 4; lastKnownFileType = sourcecode.swift; path = APITests.swift; sourceTree = "<group>"; };
		8FF1C6D01C75F73A00F16473 /* CoreDataStack.swift */ = {isa = PBXFileReference; fileEncoding = 4; lastKnownFileType = sourcecode.swift; path = CoreDataStack.swift; sourceTree = "<group>"; };
		8FF1C6D31C7603A800F16473 /* PointData+CoreDataProperties.swift */ = {isa = PBXFileReference; fileEncoding = 4; lastKnownFileType = sourcecode.swift; path = "PointData+CoreDataProperties.swift"; sourceTree = "<group>"; };
		8FF1C6D41C7603A800F16473 /* PointData.swift */ = {isa = PBXFileReference; fileEncoding = 4; lastKnownFileType = sourcecode.swift; path = PointData.swift; sourceTree = "<group>"; };
		8FF1C6D51C7603A800F16473 /* Point+CoreDataProperties.swift */ = {isa = PBXFileReference; fileEncoding = 4; lastKnownFileType = sourcecode.swift; path = "Point+CoreDataProperties.swift"; sourceTree = "<group>"; };
		8FF1C6D61C7603A800F16473 /* Point.swift */ = {isa = PBXFileReference; fileEncoding = 4; lastKnownFileType = sourcecode.swift; path = Point.swift; sourceTree = "<group>"; };
		8FF1C6D71C7603A800F16473 /* Data+CoreDataProperties.swift */ = {isa = PBXFileReference; fileEncoding = 4; lastKnownFileType = sourcecode.swift; path = "Data+CoreDataProperties.swift"; sourceTree = "<group>"; };
		8FF1C6D81C7603A800F16473 /* Data.swift */ = {isa = PBXFileReference; fileEncoding = 4; lastKnownFileType = sourcecode.swift; path = Data.swift; sourceTree = "<group>"; };
		8FF1C6D91C7603A800F16473 /* Session+CoreDataProperties.swift */ = {isa = PBXFileReference; fileEncoding = 4; lastKnownFileType = sourcecode.swift; path = "Session+CoreDataProperties.swift"; sourceTree = "<group>"; };
		8FF1C6DA1C7603A800F16473 /* Session.swift */ = {isa = PBXFileReference; fileEncoding = 4; lastKnownFileType = sourcecode.swift; path = Session.swift; sourceTree = "<group>"; };
		8FF1C6DB1C7603A800F16473 /* PointTour+CoreDataProperties.swift */ = {isa = PBXFileReference; fileEncoding = 4; lastKnownFileType = sourcecode.swift; path = "PointTour+CoreDataProperties.swift"; sourceTree = "<group>"; };
		8FF1C6DC1C7603A800F16473 /* PointTour.swift */ = {isa = PBXFileReference; fileEncoding = 4; lastKnownFileType = sourcecode.swift; path = PointTour.swift; sourceTree = "<group>"; };
		8FF1C6DD1C7603A800F16473 /* Audience+CoreDataProperties.swift */ = {isa = PBXFileReference; fileEncoding = 4; lastKnownFileType = sourcecode.swift; path = "Audience+CoreDataProperties.swift"; sourceTree = "<group>"; };
		8FF1C6DE1C7603A800F16473 /* Audience.swift */ = {isa = PBXFileReference; fileEncoding = 4; lastKnownFileType = sourcecode.swift; path = Audience.swift; sourceTree = "<group>"; };
		8FF1C6DF1C7603A800F16473 /* Tour+CoreDataProperties.swift */ = {isa = PBXFileReference; fileEncoding = 4; lastKnownFileType = sourcecode.swift; path = "Tour+CoreDataProperties.swift"; sourceTree = "<group>"; };
		8FF1C6E01C7603A800F16473 /* Tour.swift */ = {isa = PBXFileReference; fileEncoding = 4; lastKnownFileType = sourcecode.swift; path = Tour.swift; sourceTree = "<group>"; };
		8FF1C6EF1C760F5D00F16473 /* ApiConnector.swift */ = {isa = PBXFileReference; fileEncoding = 4; lastKnownFileType = sourcecode.swift; path = ApiConnector.swift; sourceTree = "<group>"; };
		8FF1C6F11C764EEA00F16473 /* JsonReader.swift */ = {isa = PBXFileReference; fileEncoding = 4; lastKnownFileType = sourcecode.swift; path = JsonReader.swift; sourceTree = "<group>"; };
		984EC7A81C7209C200A12379 /* hiTour.app */ = {isa = PBXFileReference; explicitFileType = wrapper.application; includeInIndex = 0; path = hiTour.app; sourceTree = BUILT_PRODUCTS_DIR; };
		984EC7BF1C7209C200A12379 /* hiTourTests.xctest */ = {isa = PBXFileReference; explicitFileType = wrapper.cfbundle; includeInIndex = 0; path = hiTourTests.xctest; sourceTree = BUILT_PRODUCTS_DIR; };
		984EC7C31C7209C200A12379 /* hiTourTests.swift */ = {isa = PBXFileReference; lastKnownFileType = sourcecode.swift; path = hiTourTests.swift; sourceTree = "<group>"; };
		984EC7C51C7209C200A12379 /* Info.plist */ = {isa = PBXFileReference; lastKnownFileType = text.plist.xml; path = Info.plist; sourceTree = "<group>"; };
		984EC7CA1C7209C200A12379 /* hiTourUITests.xctest */ = {isa = PBXFileReference; explicitFileType = wrapper.cfbundle; includeInIndex = 0; path = hiTourUITests.xctest; sourceTree = BUILT_PRODUCTS_DIR; };
		984EC7CE1C7209C200A12379 /* hiTourUITests.swift */ = {isa = PBXFileReference; lastKnownFileType = sourcecode.swift; path = hiTourUITests.swift; sourceTree = "<group>"; };
		984EC7D01C7209C200A12379 /* Info.plist */ = {isa = PBXFileReference; lastKnownFileType = text.plist.xml; path = Info.plist; sourceTree = "<group>"; };
/* End PBXFileReference section */

/* Begin PBXFrameworksBuildPhase section */
		984EC7A51C7209C200A12379 /* Frameworks */ = {
			isa = PBXFrameworksBuildPhase;
			buildActionMask = 2147483647;
			files = (
			);
			runOnlyForDeploymentPostprocessing = 0;
		};
		984EC7BC1C7209C200A12379 /* Frameworks */ = {
			isa = PBXFrameworksBuildPhase;
			buildActionMask = 2147483647;
			files = (
			);
			runOnlyForDeploymentPostprocessing = 0;
		};
		984EC7C71C7209C200A12379 /* Frameworks */ = {
			isa = PBXFrameworksBuildPhase;
			buildActionMask = 2147483647;
			files = (
			);
			runOnlyForDeploymentPostprocessing = 0;
		};
/* End PBXFrameworksBuildPhase section */

/* Begin PBXGroup section */
		4513421E1C8342B90089F2DC /* PrototypeFiles */ = {
			isa = PBXGroup;
			children = (
				451342181C83429F0089F2DC /* ctscan.mp4 */,
				451342191C83429F0089F2DC /* mriscan.mp4 */,
				4513421A1C83429F0089F2DC /* ultrasound.mp4 */,
				451342211C8366040089F2DC /* prototype.txt */,
			);
			name = PrototypeFiles;
			sourceTree = "<group>";
		};
		6D90EE631C7E00D300433E1F /* BarcodeScanner */ = {
			isa = PBXGroup;
			children = (
				6D90EE4A1C7E00B500433E1F /* BarcodeScannerViewController.swift */,
				6D90EE4D1C7E00B500433E1F /* DiscoveredBarcodeView.swift */,
			);
			name = BarcodeScanner;
			sourceTree = "<group>";
		};
		6D90EE641C7E00E500433E1F /* FeedView */ = {
			isa = PBXGroup;
			children = (
				6D90EE4C1C7E00B500433E1F /* DetailViewController.swift */,
				6D90EE4E1C7E00B500433E1F /* FeedController.swift */,
				6D2B15781C87798800BC5179 /* FeedControllerCell.xib */,
				6D90EE4F1C7E00B500433E1F /* FeedControllerCell.swift */,
				6DF7DC4D1C7E72CD00C88B48 /* FeedPageViewController.swift */,
				45583DB21C82671E0087AB18 /* ContentView.swift */,
				459A8B461C8662BE009B79F0 /* FullScreenImageViewController.swift */,
			);
			name = FeedView;
			sourceTree = "<group>";
		};
		6D90EE651C7E010E00433E1F /* ToursView */ = {
			isa = PBXGroup;
			children = (
				6D90EE541C7E00B500433E1F /* ToursController.swift */,
				6D90EE551C7E00B500433E1F /* ToursControllerCell.swift */,
				6D2B157B1C87815F00BC5179 /* ToursControllerCell.xib */,
			);
			name = ToursView;
			sourceTree = "<group>";
		};
		8FF1C6CF1C75F71A00F16473 /* coreData */ = {
			isa = PBXGroup;
			children = (
				8FF1C6D01C75F73A00F16473 /* CoreDataStack.swift */,
				8FF1C6EF1C760F5D00F16473 /* ApiConnector.swift */,
				8FF1C6F11C764EEA00F16473 /* JsonReader.swift */,
				8F1C8FAA1C776E33009C95F4 /* HTTPClient.swift */,
			);
			name = coreData;
			sourceTree = "<group>";
		};
		8FF1C6D21C75FF9E00F16473 /* models */ = {
			isa = PBXGroup;
			children = (
				6DE8919D1C83BC67008D85A1 /* ctscan.mp4 */,
				6DE8919E1C83BC67008D85A1 /* fluoroscopy.mp4 */,
				6DE8919F1C83BC67008D85A1 /* mriscan.mp4 */,
				6DE891A01C83BC67008D85A1 /* ultrasound.mp4 */,
				8FF1C6D31C7603A800F16473 /* PointData+CoreDataProperties.swift */,
				8FF1C6D41C7603A800F16473 /* PointData.swift */,
				8FF1C6D51C7603A800F16473 /* Point+CoreDataProperties.swift */,
				8FF1C6D61C7603A800F16473 /* Point.swift */,
				8FF1C6D71C7603A800F16473 /* Data+CoreDataProperties.swift */,
				8FF1C6D81C7603A800F16473 /* Data.swift */,
				8FF1C6D91C7603A800F16473 /* Session+CoreDataProperties.swift */,
				8FF1C6DA1C7603A800F16473 /* Session.swift */,
				8FF1C6DB1C7603A800F16473 /* PointTour+CoreDataProperties.swift */,
				8FF1C6DC1C7603A800F16473 /* PointTour.swift */,
				8FF1C6DD1C7603A800F16473 /* Audience+CoreDataProperties.swift */,
				8FF1C6DE1C7603A800F16473 /* Audience.swift */,
				8FF1C6DF1C7603A800F16473 /* Tour+CoreDataProperties.swift */,
				8FF1C6E01C7603A800F16473 /* Tour.swift */,
			);
			name = models;
			sourceTree = "<group>";
		};
		984EC79F1C7209C200A12379 = {
			isa = PBXGroup;
			children = (
				6DBED3CC1C7E021E008BFA30 /* hiTour.xcdatamodeld */,
				6DBED3CE1C7E021E008BFA30 /* LaunchScreen.storyboard */,
				6DBED3CF1C7E021E008BFA30 /* Main.storyboard */,
				6D8CFD8C1C8662A000F8E8B9 /* Tablet.storyboard */,
				984EC7AA1C7209C200A12379 /* hiTour */,
				984EC7CD1C7209C200A12379 /* hiTourUITests */,
				984EC7A91C7209C200A12379 /* Products */,
			);
			sourceTree = "<group>";
		};
		984EC7A91C7209C200A12379 /* Products */ = {
			isa = PBXGroup;
			children = (
				984EC7A81C7209C200A12379 /* hiTour.app */,
				984EC7BF1C7209C200A12379 /* hiTourTests.xctest */,
				984EC7CA1C7209C200A12379 /* hiTourUITests.xctest */,
			);
			name = Products;
			sourceTree = "<group>";
		};
		984EC7AA1C7209C200A12379 /* hiTour */ = {
			isa = PBXGroup;
			children = (
				6D90EE481C7E00B500433E1F /* AppDelegate.swift */,
				6DBD48FA1C8DCAA700CB6158 /* SplitViewController.swift */,
				6D90EE531C7E00B500433E1F /* PrototypeData.swift */,
				6D90EE651C7E010E00433E1F /* ToursView */,
				6D90EE641C7E00E500433E1F /* FeedView */,
				6D90EE631C7E00D300433E1F /* BarcodeScanner */,
				6D90EE521C7E00B500433E1F /* Info.plist */,
				6DBED3CB1C7E021E008BFA30 /* Assets.xcassets */,
				4513421E1C8342B90089F2DC /* PrototypeFiles */,
				984EC7C21C7209C200A12379 /* hiTourTests */,
				8FF1C6D21C75FF9E00F16473 /* models */,
				8FF1C6CF1C75F71A00F16473 /* coreData */,
			);
			path = hiTour;
			sourceTree = "<group>";
		};
		984EC7C21C7209C200A12379 /* hiTourTests */ = {
			isa = PBXGroup;
			children = (
				984EC7C31C7209C200A12379 /* hiTourTests.swift */,
				984EC7C51C7209C200A12379 /* Info.plist */,
				8F1C8FAC1C7770BD009C95F4 /* APITests.swift */,
			);
			path = hiTourTests;
			sourceTree = SOURCE_ROOT;
		};
		984EC7CD1C7209C200A12379 /* hiTourUITests */ = {
			isa = PBXGroup;
			children = (
				984EC7CE1C7209C200A12379 /* hiTourUITests.swift */,
				984EC7D01C7209C200A12379 /* Info.plist */,
				45C734381C87950B0069AF2F /* DynamicContentTest.swift */,
			);
			path = hiTourUITests;
			sourceTree = "<group>";
		};
/* End PBXGroup section */

/* Begin PBXNativeTarget section */
		984EC7A71C7209C200A12379 /* hiTour */ = {
			isa = PBXNativeTarget;
			buildConfigurationList = 984EC7D31C7209C200A12379 /* Build configuration list for PBXNativeTarget "hiTour" */;
			buildPhases = (
				984EC7A41C7209C200A12379 /* Sources */,
				984EC7A51C7209C200A12379 /* Frameworks */,
				984EC7A61C7209C200A12379 /* Resources */,
			);
			buildRules = (
			);
			dependencies = (
			);
			name = hiTour;
			productName = hiTour;
			productReference = 984EC7A81C7209C200A12379 /* hiTour.app */;
			productType = "com.apple.product-type.application";
		};
		984EC7BE1C7209C200A12379 /* hiTourTests */ = {
			isa = PBXNativeTarget;
			buildConfigurationList = 984EC7D61C7209C200A12379 /* Build configuration list for PBXNativeTarget "hiTourTests" */;
			buildPhases = (
				984EC7BB1C7209C200A12379 /* Sources */,
				984EC7BC1C7209C200A12379 /* Frameworks */,
				984EC7BD1C7209C200A12379 /* Resources */,
			);
			buildRules = (
			);
			dependencies = (
				984EC7C11C7209C200A12379 /* PBXTargetDependency */,
			);
			name = hiTourTests;
			productName = hiTourTests;
			productReference = 984EC7BF1C7209C200A12379 /* hiTourTests.xctest */;
			productType = "com.apple.product-type.bundle.unit-test";
		};
		984EC7C91C7209C200A12379 /* hiTourUITests */ = {
			isa = PBXNativeTarget;
			buildConfigurationList = 984EC7D91C7209C200A12379 /* Build configuration list for PBXNativeTarget "hiTourUITests" */;
			buildPhases = (
				984EC7C61C7209C200A12379 /* Sources */,
				984EC7C71C7209C200A12379 /* Frameworks */,
				984EC7C81C7209C200A12379 /* Resources */,
			);
			buildRules = (
			);
			dependencies = (
				984EC7CC1C7209C200A12379 /* PBXTargetDependency */,
			);
			name = hiTourUITests;
			productName = hiTourUITests;
			productReference = 984EC7CA1C7209C200A12379 /* hiTourUITests.xctest */;
			productType = "com.apple.product-type.bundle.ui-testing";
		};
/* End PBXNativeTarget section */

/* Begin PBXProject section */
		984EC7A01C7209C200A12379 /* Project object */ = {
			isa = PBXProject;
			attributes = {
				LastSwiftUpdateCheck = 0720;
				LastUpgradeCheck = 0720;
				ORGANIZATIONNAME = stranders.kcl.ac.uk;
				TargetAttributes = {
					984EC7A71C7209C200A12379 = {
						CreatedOnToolsVersion = 7.2.1;
						DevelopmentTeam = UXP88FR3YR;
					};
					984EC7BE1C7209C200A12379 = {
						CreatedOnToolsVersion = 7.2.1;
						TestTargetID = 984EC7A71C7209C200A12379;
					};
					984EC7C91C7209C200A12379 = {
						CreatedOnToolsVersion = 7.2.1;
						TestTargetID = 984EC7A71C7209C200A12379;
					};
				};
			};
			buildConfigurationList = 984EC7A31C7209C200A12379 /* Build configuration list for PBXProject "hiTour" */;
			compatibilityVersion = "Xcode 3.2";
			developmentRegion = English;
			hasScannedForEncodings = 0;
			knownRegions = (
				en,
				Base,
			);
			mainGroup = 984EC79F1C7209C200A12379;
			productRefGroup = 984EC7A91C7209C200A12379 /* Products */;
			projectDirPath = "";
			projectRoot = "";
			targets = (
				984EC7A71C7209C200A12379 /* hiTour */,
				984EC7BE1C7209C200A12379 /* hiTourTests */,
				984EC7C91C7209C200A12379 /* hiTourUITests */,
			);
		};
/* End PBXProject section */

/* Begin PBXResourcesBuildPhase section */
		984EC7A61C7209C200A12379 /* Resources */ = {
			isa = PBXResourcesBuildPhase;
			buildActionMask = 2147483647;
			files = (
				6DE891A51C83BCDD008D85A1 /* ctscan.mp4 in Resources */,
				6DE891A61C83BCDD008D85A1 /* fluoroscopy.mp4 in Resources */,
				6DE891A71C83BCDD008D85A1 /* mriscan.mp4 in Resources */,
				6D2B157C1C87815F00BC5179 /* ToursControllerCell.xib in Resources */,
				6DE891A81C83BCDD008D85A1 /* ultrasound.mp4 in Resources */,
				6D2B15791C87798800BC5179 /* FeedControllerCell.xib in Resources */,
				6DBED3D21C7E021E008BFA30 /* LaunchScreen.storyboard in Resources */,
				451342221C8366040089F2DC /* prototype.txt in Resources */,
				6D8CFD8D1C8662A000F8E8B9 /* Tablet.storyboard in Resources */,
				6DBED3D01C7E021E008BFA30 /* Assets.xcassets in Resources */,
				6D90EE5F1C7E00B500433E1F /* Info.plist in Resources */,
				6DBED3D31C7E021E008BFA30 /* Main.storyboard in Resources */,
			);
			runOnlyForDeploymentPostprocessing = 0;
		};
		984EC7BD1C7209C200A12379 /* Resources */ = {
			isa = PBXResourcesBuildPhase;
			buildActionMask = 2147483647;
			files = (
			);
			runOnlyForDeploymentPostprocessing = 0;
		};
		984EC7C81C7209C200A12379 /* Resources */ = {
			isa = PBXResourcesBuildPhase;
			buildActionMask = 2147483647;
			files = (
			);
			runOnlyForDeploymentPostprocessing = 0;
		};
/* End PBXResourcesBuildPhase section */

/* Begin PBXSourcesBuildPhase section */
		984EC7A41C7209C200A12379 /* Sources */ = {
			isa = PBXSourcesBuildPhase;
			buildActionMask = 2147483647;
			files = (
				6D90EE5A1C7E00B500433E1F /* DetailViewController.swift in Sources */,
				6D90EE5D1C7E00B500433E1F /* FeedControllerCell.swift in Sources */,
				6D90EE5B1C7E00B500433E1F /* DiscoveredBarcodeView.swift in Sources */,
				6DF7DC4E1C7E72CD00C88B48 /* FeedPageViewController.swift in Sources */,
				6D90EE5C1C7E00B500433E1F /* FeedController.swift in Sources */,
				459A8B471C8662BE009B79F0 /* FullScreenImageViewController.swift in Sources */,
				6D90EE581C7E00B500433E1F /* BarcodeScannerViewController.swift in Sources */,
				6D90EE611C7E00B500433E1F /* ToursController.swift in Sources */,
				6DBED3D11C7E021E008BFA30 /* hiTour.xcdatamodeld in Sources */,
				6D90EE601C7E00B500433E1F /* PrototypeData.swift in Sources */,
				6D90EE561C7E00B500433E1F /* AppDelegate.swift in Sources */,
				6D90EE621C7E00B500433E1F /* ToursControllerCell.swift in Sources */,
				8FF1C6E41C7603A800F16473 /* Point.swift in Sources */,
				8FF1C6E61C7603A800F16473 /* Data.swift in Sources */,
				8FF1C6EA1C7603A800F16473 /* PointTour.swift in Sources */,
				6DBD48FB1C8DCAA700CB6158 /* SplitViewController.swift in Sources */,
				8FF1C6D11C75F73A00F16473 /* CoreDataStack.swift in Sources */,
				8FF1C6EB1C7603A800F16473 /* Audience+CoreDataProperties.swift in Sources */,
				8FF1C6E31C7603A800F16473 /* Point+CoreDataProperties.swift in Sources */,
				984EC7AE1C7209C200A12379 /* (null) in Sources */,
				8FF1C6ED1C7603A800F16473 /* Tour+CoreDataProperties.swift in Sources */,
				8FF1C6EC1C7603A800F16473 /* Audience.swift in Sources */,
				8FF1C6F01C760F5D00F16473 /* ApiConnector.swift in Sources */,
				8FF1C6E11C7603A800F16473 /* PointData+CoreDataProperties.swift in Sources */,
				984EC7B41C7209C200A12379 /* (null) in Sources */,
				45583DB31C82671E0087AB18 /* ContentView.swift in Sources */,
				8FF1C6E91C7603A800F16473 /* PointTour+CoreDataProperties.swift in Sources */,
				8FF1C6E21C7603A800F16473 /* PointData.swift in Sources */,
				8FF1C6E81C7603A800F16473 /* Session.swift in Sources */,
				984EC7AC1C7209C200A12379 /* (null) in Sources */,
				8FF1C6F21C764EEA00F16473 /* JsonReader.swift in Sources */,
				8F1C8FAB1C776E33009C95F4 /* HTTPClient.swift in Sources */,
				8FF1C6EE1C7603A800F16473 /* Tour.swift in Sources */,
				8FF1C6E51C7603A800F16473 /* Data+CoreDataProperties.swift in Sources */,
				8FF1C6E71C7603A800F16473 /* Session+CoreDataProperties.swift in Sources */,
			);
			runOnlyForDeploymentPostprocessing = 0;
		};
		984EC7BB1C7209C200A12379 /* Sources */ = {
			isa = PBXSourcesBuildPhase;
			buildActionMask = 2147483647;
			files = (
				8F1C8FAD1C7770BD009C95F4 /* APITests.swift in Sources */,
				984EC7C41C7209C200A12379 /* hiTourTests.swift in Sources */,
			);
			runOnlyForDeploymentPostprocessing = 0;
		};
		984EC7C61C7209C200A12379 /* Sources */ = {
			isa = PBXSourcesBuildPhase;
			buildActionMask = 2147483647;
			files = (
				984EC7CF1C7209C200A12379 /* hiTourUITests.swift in Sources */,
				45C734391C87950B0069AF2F /* DynamicContentTest.swift in Sources */,
			);
			runOnlyForDeploymentPostprocessing = 0;
		};
/* End PBXSourcesBuildPhase section */

/* Begin PBXTargetDependency section */
		984EC7C11C7209C200A12379 /* PBXTargetDependency */ = {
			isa = PBXTargetDependency;
			target = 984EC7A71C7209C200A12379 /* hiTour */;
			targetProxy = 984EC7C01C7209C200A12379 /* PBXContainerItemProxy */;
		};
		984EC7CC1C7209C200A12379 /* PBXTargetDependency */ = {
			isa = PBXTargetDependency;
			target = 984EC7A71C7209C200A12379 /* hiTour */;
			targetProxy = 984EC7CB1C7209C200A12379 /* PBXContainerItemProxy */;
		};
/* End PBXTargetDependency section */

/* Begin XCBuildConfiguration section */
		984EC7D11C7209C200A12379 /* Debug */ = {
			isa = XCBuildConfiguration;
			buildSettings = {
				ALWAYS_SEARCH_USER_PATHS = NO;
				CLANG_CXX_LANGUAGE_STANDARD = "gnu++0x";
				CLANG_CXX_LIBRARY = "libc++";
				CLANG_ENABLE_MODULES = YES;
				CLANG_ENABLE_OBJC_ARC = YES;
				CLANG_WARN_BOOL_CONVERSION = YES;
				CLANG_WARN_CONSTANT_CONVERSION = YES;
				CLANG_WARN_DIRECT_OBJC_ISA_USAGE = YES_ERROR;
				CLANG_WARN_EMPTY_BODY = YES;
				CLANG_WARN_ENUM_CONVERSION = YES;
				CLANG_WARN_INT_CONVERSION = YES;
				CLANG_WARN_OBJC_ROOT_CLASS = YES_ERROR;
				CLANG_WARN_UNREACHABLE_CODE = YES;
				CLANG_WARN__DUPLICATE_METHOD_MATCH = YES;
				"CODE_SIGN_IDENTITY[sdk=iphoneos*]" = "iPhone Developer";
				COPY_PHASE_STRIP = NO;
				DEBUG_INFORMATION_FORMAT = dwarf;
				ENABLE_STRICT_OBJC_MSGSEND = YES;
				ENABLE_TESTABILITY = YES;
				GCC_C_LANGUAGE_STANDARD = gnu99;
				GCC_DYNAMIC_NO_PIC = NO;
				GCC_NO_COMMON_BLOCKS = YES;
				GCC_OPTIMIZATION_LEVEL = 0;
				GCC_PREPROCESSOR_DEFINITIONS = (
					"DEBUG=1",
					"$(inherited)",
				);
				GCC_WARN_64_TO_32_BIT_CONVERSION = YES;
				GCC_WARN_ABOUT_RETURN_TYPE = YES_ERROR;
				GCC_WARN_UNDECLARED_SELECTOR = YES;
				GCC_WARN_UNINITIALIZED_AUTOS = YES_AGGRESSIVE;
				GCC_WARN_UNUSED_FUNCTION = YES;
				GCC_WARN_UNUSED_VARIABLE = YES;
				IPHONEOS_DEPLOYMENT_TARGET = 9.2;
				MTL_ENABLE_DEBUG_INFO = YES;
				ONLY_ACTIVE_ARCH = YES;
				SDKROOT = iphoneos;
				SWIFT_OPTIMIZATION_LEVEL = "-Onone";
				TARGETED_DEVICE_FAMILY = "1,2";
			};
			name = Debug;
		};
		984EC7D21C7209C200A12379 /* Release */ = {
			isa = XCBuildConfiguration;
			buildSettings = {
				ALWAYS_SEARCH_USER_PATHS = NO;
				CLANG_CXX_LANGUAGE_STANDARD = "gnu++0x";
				CLANG_CXX_LIBRARY = "libc++";
				CLANG_ENABLE_MODULES = YES;
				CLANG_ENABLE_OBJC_ARC = YES;
				CLANG_WARN_BOOL_CONVERSION = YES;
				CLANG_WARN_CONSTANT_CONVERSION = YES;
				CLANG_WARN_DIRECT_OBJC_ISA_USAGE = YES_ERROR;
				CLANG_WARN_EMPTY_BODY = YES;
				CLANG_WARN_ENUM_CONVERSION = YES;
				CLANG_WARN_INT_CONVERSION = YES;
				CLANG_WARN_OBJC_ROOT_CLASS = YES_ERROR;
				CLANG_WARN_UNREACHABLE_CODE = YES;
				CLANG_WARN__DUPLICATE_METHOD_MATCH = YES;
				"CODE_SIGN_IDENTITY[sdk=iphoneos*]" = "iPhone Developer";
				COPY_PHASE_STRIP = NO;
				DEBUG_INFORMATION_FORMAT = "dwarf-with-dsym";
				ENABLE_NS_ASSERTIONS = NO;
				ENABLE_STRICT_OBJC_MSGSEND = YES;
				GCC_C_LANGUAGE_STANDARD = gnu99;
				GCC_NO_COMMON_BLOCKS = YES;
				GCC_WARN_64_TO_32_BIT_CONVERSION = YES;
				GCC_WARN_ABOUT_RETURN_TYPE = YES_ERROR;
				GCC_WARN_UNDECLARED_SELECTOR = YES;
				GCC_WARN_UNINITIALIZED_AUTOS = YES_AGGRESSIVE;
				GCC_WARN_UNUSED_FUNCTION = YES;
				GCC_WARN_UNUSED_VARIABLE = YES;
				IPHONEOS_DEPLOYMENT_TARGET = 9.2;
				MTL_ENABLE_DEBUG_INFO = NO;
				SDKROOT = iphoneos;
				TARGETED_DEVICE_FAMILY = "1,2";
				VALIDATE_PRODUCT = YES;
			};
			name = Release;
		};
		984EC7D41C7209C200A12379 /* Debug */ = {
			isa = XCBuildConfiguration;
			buildSettings = {
				ASSETCATALOG_COMPILER_APPICON_NAME = AppIcon;
				CLANG_ENABLE_MODULES = YES;
				CODE_SIGN_IDENTITY = "iPhone Developer";
				"CODE_SIGN_IDENTITY[sdk=iphoneos*]" = "iPhone Developer";
				INFOPLIST_FILE = hiTour/Info.plist;
				LD_RUNPATH_SEARCH_PATHS = "$(inherited) @executable_path/Frameworks";
				PRODUCT_BUNDLE_IDENTIFIER = stranders;
				PRODUCT_NAME = "$(TARGET_NAME)";
				PROVISIONING_PROFILE = "";
				SWIFT_OPTIMIZATION_LEVEL = "-Onone";
			};
			name = Debug;
		};
		984EC7D51C7209C200A12379 /* Release */ = {
			isa = XCBuildConfiguration;
			buildSettings = {
				ASSETCATALOG_COMPILER_APPICON_NAME = AppIcon;
				CLANG_ENABLE_MODULES = YES;
				CODE_SIGN_IDENTITY = "iPhone Developer";
				"CODE_SIGN_IDENTITY[sdk=iphoneos*]" = "iPhone Developer";
				INFOPLIST_FILE = hiTour/Info.plist;
				LD_RUNPATH_SEARCH_PATHS = "$(inherited) @executable_path/Frameworks";
				PRODUCT_BUNDLE_IDENTIFIER = stranders;
				PRODUCT_NAME = "$(TARGET_NAME)";
				PROVISIONING_PROFILE = "";
			};
			name = Release;
		};
		984EC7D71C7209C200A12379 /* Debug */ = {
			isa = XCBuildConfiguration;
			buildSettings = {
				BUNDLE_LOADER = "$(TEST_HOST)";
				INFOPLIST_FILE = hiTourTests/Info.plist;
				LD_RUNPATH_SEARCH_PATHS = "$(inherited) @executable_path/Frameworks @loader_path/Frameworks";
				PRODUCT_BUNDLE_IDENTIFIER = Stranders.hiTourTests;
				PRODUCT_NAME = "$(TARGET_NAME)";
				TEST_HOST = "$(BUILT_PRODUCTS_DIR)/hiTour.app/hiTour";
			};
			name = Debug;
		};
		984EC7D81C7209C200A12379 /* Release */ = {
			isa = XCBuildConfiguration;
			buildSettings = {
				BUNDLE_LOADER = "$(TEST_HOST)";
				INFOPLIST_FILE = hiTourTests/Info.plist;
				LD_RUNPATH_SEARCH_PATHS = "$(inherited) @executable_path/Frameworks @loader_path/Frameworks";
				PRODUCT_BUNDLE_IDENTIFIER = Stranders.hiTourTests;
				PRODUCT_NAME = "$(TARGET_NAME)";
				TEST_HOST = "$(BUILT_PRODUCTS_DIR)/hiTour.app/hiTour";
			};
			name = Release;
		};
		984EC7DA1C7209C200A12379 /* Debug */ = {
			isa = XCBuildConfiguration;
			buildSettings = {
				INFOPLIST_FILE = hiTourUITests/Info.plist;
				LD_RUNPATH_SEARCH_PATHS = "$(inherited) @executable_path/Frameworks @loader_path/Frameworks";
				PRODUCT_BUNDLE_IDENTIFIER = Stranders.hiTourUITests;
				PRODUCT_NAME = "$(TARGET_NAME)";
				TEST_TARGET_NAME = hiTour;
				USES_XCTRUNNER = YES;
			};
			name = Debug;
		};
		984EC7DB1C7209C200A12379 /* Release */ = {
			isa = XCBuildConfiguration;
			buildSettings = {
				INFOPLIST_FILE = hiTourUITests/Info.plist;
				LD_RUNPATH_SEARCH_PATHS = "$(inherited) @executable_path/Frameworks @loader_path/Frameworks";
				PRODUCT_BUNDLE_IDENTIFIER = Stranders.hiTourUITests;
				PRODUCT_NAME = "$(TARGET_NAME)";
				TEST_TARGET_NAME = hiTour;
				USES_XCTRUNNER = YES;
			};
			name = Release;
		};
/* End XCBuildConfiguration section */

/* Begin XCConfigurationList section */
		984EC7A31C7209C200A12379 /* Build configuration list for PBXProject "hiTour" */ = {
			isa = XCConfigurationList;
			buildConfigurations = (
				984EC7D11C7209C200A12379 /* Debug */,
				984EC7D21C7209C200A12379 /* Release */,
			);
			defaultConfigurationIsVisible = 0;
			defaultConfigurationName = Release;
		};
		984EC7D31C7209C200A12379 /* Build configuration list for PBXNativeTarget "hiTour" */ = {
			isa = XCConfigurationList;
			buildConfigurations = (
				984EC7D41C7209C200A12379 /* Debug */,
				984EC7D51C7209C200A12379 /* Release */,
			);
			defaultConfigurationIsVisible = 0;
			defaultConfigurationName = Release;
		};
		984EC7D61C7209C200A12379 /* Build configuration list for PBXNativeTarget "hiTourTests" */ = {
			isa = XCConfigurationList;
			buildConfigurations = (
				984EC7D71C7209C200A12379 /* Debug */,
				984EC7D81C7209C200A12379 /* Release */,
			);
			defaultConfigurationIsVisible = 0;
			defaultConfigurationName = Release;
		};
		984EC7D91C7209C200A12379 /* Build configuration list for PBXNativeTarget "hiTourUITests" */ = {
			isa = XCConfigurationList;
			buildConfigurations = (
				984EC7DA1C7209C200A12379 /* Debug */,
				984EC7DB1C7209C200A12379 /* Release */,
			);
			defaultConfigurationIsVisible = 0;
			defaultConfigurationName = Release;
		};
/* End XCConfigurationList section */

/* Begin XCVersionGroup section */
		6DBED3CC1C7E021E008BFA30 /* hiTour.xcdatamodeld */ = {
			isa = XCVersionGroup;
			children = (
				6DBED3CD1C7E021E008BFA30 /* hiTour.xcdatamodel */,
			);
			currentVersion = 6DBED3CD1C7E021E008BFA30 /* hiTour.xcdatamodel */;
			name = hiTour.xcdatamodeld;
			path = hiTour/hiTour.xcdatamodeld;
			sourceTree = "<group>";
			versionGroupType = wrapper.xcdatamodel;
		};
/* End XCVersionGroup section */
	};
	rootObject = 984EC7A01C7209C200A12379 /* Project object */;
}
